PODS:
  - Bolts (1.8.4):
    - Bolts/AppLinks (= 1.8.4)
    - Bolts/Tasks (= 1.8.4)
  - Bolts/AppLinks (1.8.4):
    - Bolts/Tasks
  - Bolts/Tasks (1.8.4)
  - EstimoteSDK (4.13.1)
  - FacebookCore (0.2.0):
    - Bolts (~> 1.8)
    - FBSDKCoreKit (~> 4.15)
  - FacebookLogin (0.2.0):
    - Bolts (~> 1.8)
    - FacebookCore (~> 0.2)
    - FBSDKCoreKit (~> 4.15)
    - FBSDKLoginKit (~> 4.15)
  - FBSDKCoreKit (4.19.0):
    - Bolts (~> 1.7)
  - FBSDKLoginKit (4.19.0):
    - FBSDKCoreKit
  - Locksmith (3.0.0)
  - NewRelicAgent (5.10.0)
  - Reveal-SDK (6)

DEPENDENCIES:
  - EstimoteSDK
  - FacebookCore
  - FacebookLogin
  - Locksmith
  - NewRelicAgent
  - Reveal-SDK

SPEC CHECKSUMS:
  Bolts: 8a7995239dbe724f9cba2248b766d48b7ebdd322
  EstimoteSDK: 3b1133d4d5f3142388e3495e801a1a4c3e8cf71f
  FacebookCore: 2cb3f0fbff218e9d3119cec84bae983b232412de
  FacebookLogin: c9d606504735780a9e3002465a615512e0a691a5
  FBSDKCoreKit: 894b2b6eda6a4c8c4204e92e59cc355709ef045c
  FBSDKLoginKit: 83ca4d8f12a2022570af9fd6aacf27f6b425b99f
  Locksmith: 310b4cc5031af5728bf4db5d4de547a5100c6a3b
  NewRelicAgent: 7ec88dea6b66aec073bbb5913062724369bf6aff
  Reveal-SDK: 67460e58f93711c7b18631d12c2b5de7740e48b5

PODFILE CHECKSUM: cfa720dcc72166b3a91ff79c15dffc809a1b9c38

COCOAPODS: 1.2.0
