PODS:
  - Bolts (1.8.4):
    - Bolts/AppLinks (= 1.8.4)
    - Bolts/Tasks (= 1.8.4)
  - Bolts/AppLinks (1.8.4):
    - Bolts/Tasks
  - Bolts/Tasks (1.8.4)
  - EstimoteSDK (4.14.0)
  - FacebookCore (0.2.0):
    - Bolts (~> 1.8)
    - FBSDKCoreKit (~> 4.15)
  - FacebookLogin (0.2.0):
    - Bolts (~> 1.8)
    - FacebookCore (~> 0.2)
    - FBSDKCoreKit (~> 4.15)
    - FBSDKLoginKit (~> 4.15)
  - FacebookShare (0.2.0):
    - Bolts (~> 1.8)
    - FacebookCore (~> 0.2)
    - FBSDKCoreKit (~> 4.15)
    - FBSDKShareKit (~> 4.15)
  - FBSDKCoreKit (4.20.1):
    - Bolts (~> 1.7)
  - FBSDKLoginKit (4.20.1):
    - FBSDKCoreKit
  - FBSDKShareKit (4.20.1):
    - FBSDKCoreKit
  - GeoJSON (0.3.1)
  - Kingfisher (3.5.2)
  - Locksmith (3.0.0)
  - NewRelicAgent (5.12.0)
  - Starscream (2.0.3)

DEPENDENCIES:
  - EstimoteSDK
  - FacebookCore
  - FacebookLogin
  - FacebookShare
  - GeoJSON
  - Kingfisher
  - Locksmith
  - NewRelicAgent
  - Starscream

SPEC CHECKSUMS:
  Bolts: 8a7995239dbe724f9cba2248b766d48b7ebdd322
  EstimoteSDK: 8674ac3687fddfb28d1660c0a8361a55e5da28ba
  FacebookCore: 2cb3f0fbff218e9d3119cec84bae983b232412de
  FacebookLogin: c9d606504735780a9e3002465a615512e0a691a5
  FacebookShare: 8e9ee8ea06505e6a1d3d719b0cc63e840fb8aaeb
  FBSDKCoreKit: 39a3569652983bf8666620dd334804c9057ae9b2
  FBSDKLoginKit: 17092ff61a18c54ca423aebc18c5acc2e5a4a728
  FBSDKShareKit: 4f37934d9ee9500d2d35752595816dc35f967478
  GeoJSON: 29bd47ba1c91eb8f003b305ff52dac774998804e
  Kingfisher: 9950e382c500b6834ce004c7c4131c444e90c3a1
  Locksmith: 310b4cc5031af5728bf4db5d4de547a5100c6a3b
  NewRelicAgent: 96e6d58112fea8f6e23c072e8499bf6f13c0f34d
  Starscream: 3fdd5c277e57cca6b5c406d274e3f34a7c88f2ce

PODFILE CHECKSUM: de6a977aeff19ddc56ae5dd54ec94fb2ebef5fda

COCOAPODS: 1.2.0
