{
  "originHash" : "699db1b6d30e49655d0aad14604910218f90016f08115e4055edccac6ce51405",
  "pins" : [
    {
      "identity" : "facebook-ios-sdk",
      "kind" : "remoteSourceControl",
      "location" : "https://github.com/facebook/facebook-ios-sdk",
      "state" : {
        "revision" : "80d0ee82f6370d1bace1431a80cb80575f98ee90",
        "version" : "18.1.1"
      }
    },
    {
      "identity" : "geos",
      "kind" : "remoteSourceControl",
      "location" : "https://github.com/GEOSwift/geos.git",
      "state" : {
        "revision" : "4d8af495e7507f48f1ae9104102debdd2043917b",
        "version" : "9.0.0"
      }
    },
    {
      "identity" : "geoswift",
      "kind" : "remoteSourceControl",
      "location" : "https://github.com/GEOSwift/GEOSwift.git",
      "state" : {
        "revision" : "26882c036e9b68d684ace212bff7f7212a6d1c1f",
        "version" : "11.1.0"
      }
    },
    {
      "identity" : "keychainaccess",
      "kind" : "remoteSourceControl",
      "location" : "https://github.com/kishikawakatsumi/KeychainAccess.git",
      "state" : {
        "revision" : "84e546727d66f1adc5439debad16270d0fdd04e7",
        "version" : "4.2.2"
      }
    },
    {
      "identity" : "kingfisher",
      "kind" : "remoteSourceControl",
      "location" : "https://github.com/onevcat/Kingfisher.git",
      "state" : {
        "revision" : "b450a3b30e0767277a6eed7e02dbdebd7d173da0",
        "version" : "8.3.0"
      }
    },
    {
      "identity" : "starscream",
      "kind" : "remoteSourceControl",
      "location" : "https://github.com/daltoniam/Starscream.git",
      "state" : {
        "revision" : "c6bfd1af48efcc9a9ad203665db12375ba6b145a",
        "version" : "4.0.8"
      }
    }
  ],
  "version" : 3
}
