// !$*UTF8*$!
{
	archiveVersion = 1;
	classes = {
	};
	objectVersion = 46;
	objects = {

/* Begin PBXBuildFile section */
		46DC4F5CC2ECE10C23283E97 /* Pods_HotMessTests.framework in Frameworks */ = {isa = PBXBuildFile; fileRef = 647341D151A3053245AF1DDC /* Pods_HotMessTests.framework */; };
		A3BAEA2D97D0C85B06BA5FBD /* RealtimeService.swift in Sources */ = {isa = PBXBuildFile; fileRef = A3BAE79CC4BE4B3A6B7C7871 /* RealtimeService.swift */; };
		C9207A924AEA505100844907 /* PersonInfoCell.swift in Sources */ = {isa = PBXBuildFile; fileRef = C9207A914AEA505100844907 /* PersonInfoCell.swift */; };
		C93373121E5EEB5B00497879 /* NowService.swift in Sources */ = {isa = PBXBuildFile; fileRef = C93373111E5EEB5B00497879 /* NowService.swift */; };
		C93373161E5EEF0000497879 /* Now.swift in Sources */ = {isa = PBXBuildFile; fileRef = C93373151E5EEF0000497879 /* Now.swift */; };
		C94A5AB41E1B7B2B004601AA /* AppDelegate.swift in Sources */ = {isa = PBXBuildFile; fileRef = C94A5AB31E1B7B2B004601AA /* AppDelegate.swift */; };
		C94A5AB61E1B7B2B004601AA /* NowViewController.swift in Sources */ = {isa = PBXBuildFile; fileRef = C94A5AB51E1B7B2B004601AA /* NowViewController.swift */; };
		C94A5AB81E1B7B2B004601AA /* VenuesViewController.swift in Sources */ = {isa = PBXBuildFile; fileRef = C94A5AB71E1B7B2B004601AA /* VenuesViewController.swift */; };
		C94A5ABB1E1B7B2B004601AA /* Main.storyboard in Resources */ = {isa = PBXBuildFile; fileRef = C94A5AB91E1B7B2B004601AA /* Main.storyboard */; };
		C94A5ABD1E1B7B2B004601AA /* Assets.xcassets in Resources */ = {isa = PBXBuildFile; fileRef = C94A5ABC1E1B7B2B004601AA /* Assets.xcassets */; };
		C94A5AC01E1B7B2B004601AA /* LaunchScreen.storyboard in Resources */ = {isa = PBXBuildFile; fileRef = C94A5ABE1E1B7B2B004601AA /* LaunchScreen.storyboard */; };
		C94A5ACB1E1B7B2B004601AA /* HotMessTests.swift in Sources */ = {isa = PBXBuildFile; fileRef = C94A5ACA1E1B7B2B004601AA /* HotMessTests.swift */; };
		C94A5AD61E1B7B2B004601AA /* HotMessUITests.swift in Sources */ = {isa = PBXBuildFile; fileRef = C94A5AD51E1B7B2B004601AA /* HotMessUITests.swift */; };
		C9570A2B1E479F7A00A94395 /* EventTableViewCell.swift in Sources */ = {isa = PBXBuildFile; fileRef = C9570A2A1E479F7A00A94395 /* EventTableViewCell.swift */; };
		C9570A2D1E47A71500A94395 /* VenueTableViewCell.swift in Sources */ = {isa = PBXBuildFile; fileRef = C9570A2C1E47A71500A94395 /* VenueTableViewCell.swift */; };
		C95F6E4F1E513394009E43A4 /* PeopleViewController.swift in Sources */ = {isa = PBXBuildFile; fileRef = C95F6E4E1E513394009E43A4 /* PeopleViewController.swift */; };
		C96779191E26082900BC263D /* VenueViewController.swift in Sources */ = {isa = PBXBuildFile; fileRef = C96779181E26082900BC263D /* VenueViewController.swift */; };
		C96BB1001E78457A008F061E /* EventDetail.swift in Sources */ = {isa = PBXBuildFile; fileRef = C96BB0FF1E78457A008F061E /* EventDetail.swift */; };
		C96E198B1E80901B00FDE88E /* ConversationMessageCell.swift in Sources */ = {isa = PBXBuildFile; fileRef = C96E198A1E80901B00FDE88E /* ConversationMessageCell.swift */; };
		C96F09821E4307DE009B3911 /* Locale.swift in Sources */ = {isa = PBXBuildFile; fileRef = C96F09811E4307DE009B3911 /* Locale.swift */; };
		C96F09841E430822009B3911 /* LocaleService.swift in Sources */ = {isa = PBXBuildFile; fileRef = C96F09831E430822009B3911 /* LocaleService.swift */; };
		C9782C9D1E1E02D5005FB286 /* InfoPlist.strings in Resources */ = {isa = PBXBuildFile; fileRef = C9782C9B1E1E02D5005FB286 /* InfoPlist.strings */; };
		C97E4B461E67A0800069E965 /* PersonViewController.swift in Sources */ = {isa = PBXBuildFile; fileRef = C97E4B451E67A0800069E965 /* PersonViewController.swift */; };
		C97E4B481E67A0B80069E965 /* EventViewController.swift in Sources */ = {isa = PBXBuildFile; fileRef = C97E4B471E67A0B80069E965 /* EventViewController.swift */; };
		C97E4B4A1E67A10A0069E965 /* Model.swift in Sources */ = {isa = PBXBuildFile; fileRef = C97E4B491E67A10A0069E965 /* Model.swift */; };
		C97F0DE71E54F1C100C615BA /* SettingsViewController.swift in Sources */ = {isa = PBXBuildFile; fileRef = C97F0DE61E54F1C100C615BA /* SettingsViewController.swift */; };
		C97F0DE91E552FCD00C615BA /* PersonTableViewCell.swift in Sources */ = {isa = PBXBuildFile; fileRef = C97F0DE81E552FCD00C615BA /* PersonTableViewCell.swift */; };
		C986C1FB1E781C7C003A4795 /* ProximaNova-Regular.otf in Resources */ = {isa = PBXBuildFile; fileRef = C986C1F51E781C7C003A4795 /* ProximaNova-Regular.otf */; };
		C986C1FC1E781C7C003A4795 /* ProximaNova-RegularT50.otf in Resources */ = {isa = PBXBuildFile; fileRef = C986C1F61E781C7C003A4795 /* ProximaNova-RegularT50.otf */; };
		C986C1FD1E781C7C003A4795 /* ProximaNova-RegularT100.otf in Resources */ = {isa = PBXBuildFile; fileRef = C986C1F71E781C7C003A4795 /* ProximaNova-RegularT100.otf */; };
		C986C1FE1E781C7C003A4795 /* ProximaNova-SemiBold.otf in Resources */ = {isa = PBXBuildFile; fileRef = C986C1F81E781C7C003A4795 /* ProximaNova-SemiBold.otf */; };
		C986C1FF1E781C7C003A4795 /* ProximaNova-SemiBoldT50.otf in Resources */ = {isa = PBXBuildFile; fileRef = C986C1F91E781C7C003A4795 /* ProximaNova-SemiBoldT50.otf */; };
		C986C2001E781C7C003A4795 /* ProximaNova-SemiBoldT100.otf in Resources */ = {isa = PBXBuildFile; fileRef = C986C1FA1E781C7C003A4795 /* ProximaNova-SemiBoldT100.otf */; };
		C98A26011E25890500F62464 /* Venue.swift in Sources */ = {isa = PBXBuildFile; fileRef = C98A26001E25890500F62464 /* Venue.swift */; };
		C98A26031E25891900F62464 /* VenuesService.swift in Sources */ = {isa = PBXBuildFile; fileRef = C98A26021E25891900F62464 /* VenuesService.swift */; };
		C98BEDC91E1CB5F2008F48AB /* SessionService.swift in Sources */ = {isa = PBXBuildFile; fileRef = C98BEDC81E1CB5F2008F48AB /* SessionService.swift */; };
		C98BEDCB1E1CC420008F48AB /* RequestService.swift in Sources */ = {isa = PBXBuildFile; fileRef = C98BEDCA1E1CC420008F48AB /* RequestService.swift */; };
		C98D7F301E7C0FAC007BE6A6 /* DataRequest.swift in Sources */ = {isa = PBXBuildFile; fileRef = C98D7F2F1E7C0FAC007BE6A6 /* DataRequest.swift */; };
		C9968DA61E7B1B6F0001AA92 /* TrackTableViewCell.swift in Sources */ = {isa = PBXBuildFile; fileRef = C9968DA51E7B1B6F0001AA92 /* TrackTableViewCell.swift */; };
		C998EE2A1E5EA1F30017ED96 /* Friend.swift in Sources */ = {isa = PBXBuildFile; fileRef = C998EE291E5EA1F30017ED96 /* Friend.swift */; };
		C998EE2C1E5EA7C40017ED96 /* FriendsService.swift in Sources */ = {isa = PBXBuildFile; fileRef = C998EE2B1E5EA7C40017ED96 /* FriendsService.swift */; };
		C998EE2E1E5EADE70017ED96 /* FriendTableViewCell.swift in Sources */ = {isa = PBXBuildFile; fileRef = C998EE2D1E5EADE70017ED96 /* FriendTableViewCell.swift */; };
		C998EE301E5EB2000017ED96 /* HeroTableViewCell.swift in Sources */ = {isa = PBXBuildFile; fileRef = C998EE2F1E5EB2000017ED96 /* HeroTableViewCell.swift */; };
		C99B12A51E72D88D002466C7 /* Venues.swift in Sources */ = {isa = PBXBuildFile; fileRef = C99B12A41E72D88D002466C7 /* Venues.swift */; };
		C99EFFDA1E1C682000720341 /* LoginViewController.swift in Sources */ = {isa = PBXBuildFile; fileRef = C99EFFD91E1C682000720341 /* LoginViewController.swift */; };
		C99EFFDD1E1CA44700720341 /* PassKit.framework in Frameworks */ = {isa = PBXBuildFile; fileRef = C99EFFDC1E1CA44700720341 /* PassKit.framework */; };
		C9A81D181E516EA600A9A9D6 /* Person.swift in Sources */ = {isa = PBXBuildFile; fileRef = C9A81D171E516EA600A9A9D6 /* Person.swift */; };
		C9A81D1A1E516F2E00A9A9D6 /* PeopleService.swift in Sources */ = {isa = PBXBuildFile; fileRef = C9A81D191E516F2E00A9A9D6 /* PeopleService.swift */; };
		C9B62C7D1E77470C00F72EC4 /* Track.swift in Sources */ = {isa = PBXBuildFile; fileRef = C9B62C7C1E77470C00F72EC4 /* Track.swift */; };
		C9B62C7F1E774BDF00F72EC4 /* PersonDetail.swift in Sources */ = {isa = PBXBuildFile; fileRef = C9B62C7E1E774BDF00F72EC4 /* PersonDetail.swift */; };
		C9B62C811E774C5C00F72EC4 /* VenueDetail.swift in Sources */ = {isa = PBXBuildFile; fileRef = C9B62C801E774C5C00F72EC4 /* VenueDetail.swift */; };
		C9B62C831E774F1600F72EC4 /* SocialLink.swift in Sources */ = {isa = PBXBuildFile; fileRef = C9B62C821E774F1600F72EC4 /* SocialLink.swift */; };
		C9C460901E2DB51B00EFD119 /* EventsViewController.swift in Sources */ = {isa = PBXBuildFile; fileRef = C9C4608F1E2DB51B00EFD119 /* EventsViewController.swift */; };
		C9C4A8A11E7F49BC00F3B6C0 /* VenueConversation.swift in Sources */ = {isa = PBXBuildFile; fileRef = C9C4A8A01E7F49BC00F3B6C0 /* VenueConversation.swift */; };
		C9CE0C411E4A8FBC00E9A909 /* DistanceFormatter.swift in Sources */ = {isa = PBXBuildFile; fileRef = C9CE0C401E4A8FBC00E9A909 /* DistanceFormatter.swift */; };
		C9D795DC1E807629007961F7 /* PersonCell.swift in Sources */ = {isa = PBXBuildFile; fileRef = C9D795DB1E807629007961F7 /* PersonCell.swift */; };
		C9D795DE1E8077C2007961F7 /* FriendListTableViewCell.swift in Sources */ = {isa = PBXBuildFile; fileRef = C9D795DD1E8077C2007961F7 /* FriendListTableViewCell.swift */; };
		C9DD61B41E80B9C500947C60 /* VenueMessage.swift in Sources */ = {isa = PBXBuildFile; fileRef = C9DD61B31E80B9C500947C60 /* VenueMessage.swift */; };
		C9EA337E1E821CCB000A7D76 /* VenueConversationViewController.swift in Sources */ = {isa = PBXBuildFile; fileRef = C9EA337D1E821CCB000A7D76 /* VenueConversationViewController.swift */; };
		C9F1F5D81E284783005CF7FD /* EventsService.swift in Sources */ = {isa = PBXBuildFile; fileRef = C9F1F5D71E284783005CF7FD /* EventsService.swift */; };
		C9F1F5DA1E2847A9005CF7FD /* Event.swift in Sources */ = {isa = PBXBuildFile; fileRef = C9F1F5D91E2847A9005CF7FD /* Event.swift */; };
		C9F34AF11E2089E100C5049B /* LoginView.xib in Resources */ = {isa = PBXBuildFile; fileRef = C9F34AF01E2089E100C5049B /* LoginView.xib */; };
		C9F34AF31E208BA800C5049B /* UserService.swift in Sources */ = {isa = PBXBuildFile; fileRef = C9F34AF21E208BA800C5049B /* UserService.swift */; };
		C9F34AF61E208BF100C5049B /* User.swift in Sources */ = {isa = PBXBuildFile; fileRef = C9F34AF51E208BF100C5049B /* User.swift */; };
		F348DD0B5851CD79CA6F04CD /* Pods_HotMess.framework in Frameworks */ = {isa = PBXBuildFile; fileRef = 580A18D82915AD829D2D8A27 /* Pods_HotMess.framework */; };
		FDDEBA24E515FF2FB977FF26 /* Pods_HotMessUITests.framework in Frameworks */ = {isa = PBXBuildFile; fileRef = 79CB199A43A3B1C7B5801D8C /* Pods_HotMessUITests.framework */; };
/* End PBXBuildFile section */

/* Begin PBXContainerItemProxy section */
		C94A5AC71E1B7B2B004601AA /* PBXContainerItemProxy */ = {
			isa = PBXContainerItemProxy;
			containerPortal = C94A5AA81E1B7B2A004601AA /* Project object */;
			proxyType = 1;
			remoteGlobalIDString = C94A5AAF1E1B7B2A004601AA;
			remoteInfo = HotMess;
		};
		C94A5AD21E1B7B2B004601AA /* PBXContainerItemProxy */ = {
			isa = PBXContainerItemProxy;
			containerPortal = C94A5AA81E1B7B2A004601AA /* Project object */;
			proxyType = 1;
			remoteGlobalIDString = C94A5AAF1E1B7B2A004601AA;
			remoteInfo = HotMess;
		};
/* End PBXContainerItemProxy section */

/* Begin PBXFileReference section */
		2C5F96E2CC35181398D83382 /* Pods-HotMessTests.debug.xcconfig */ = {isa = PBXFileReference; includeInIndex = 1; lastKnownFileType = text.xcconfig; name = "Pods-HotMessTests.debug.xcconfig"; path = "Pods/Target Support Files/Pods-HotMessTests/Pods-HotMessTests.debug.xcconfig"; sourceTree = "<group>"; };
		3107986BD80C0B8495B565BC /* Pods-HotMessUITests.debug.xcconfig */ = {isa = PBXFileReference; includeInIndex = 1; lastKnownFileType = text.xcconfig; name = "Pods-HotMessUITests.debug.xcconfig"; path = "Pods/Target Support Files/Pods-HotMessUITests/Pods-HotMessUITests.debug.xcconfig"; sourceTree = "<group>"; };
		580A18D82915AD829D2D8A27 /* Pods_HotMess.framework */ = {isa = PBXFileReference; explicitFileType = wrapper.framework; includeInIndex = 0; path = Pods_HotMess.framework; sourceTree = BUILT_PRODUCTS_DIR; };
		647341D151A3053245AF1DDC /* Pods_HotMessTests.framework */ = {isa = PBXFileReference; explicitFileType = wrapper.framework; includeInIndex = 0; path = Pods_HotMessTests.framework; sourceTree = BUILT_PRODUCTS_DIR; };
		79CB199A43A3B1C7B5801D8C /* Pods_HotMessUITests.framework */ = {isa = PBXFileReference; explicitFileType = wrapper.framework; includeInIndex = 0; path = Pods_HotMessUITests.framework; sourceTree = BUILT_PRODUCTS_DIR; };
		8BF8AB7DBAEABF8D94F2DA24 /* Pods-HotMessUITests.release.xcconfig */ = {isa = PBXFileReference; includeInIndex = 1; lastKnownFileType = text.xcconfig; name = "Pods-HotMessUITests.release.xcconfig"; path = "Pods/Target Support Files/Pods-HotMessUITests/Pods-HotMessUITests.release.xcconfig"; sourceTree = "<group>"; };
		A3BAE79CC4BE4B3A6B7C7871 /* RealtimeService.swift */ = {isa = PBXFileReference; fileEncoding = 4; lastKnownFileType = sourcecode.swift; path = RealtimeService.swift; sourceTree = "<group>"; };
		BE4B30C5ECB95415D3499505 /* Pods-HotMessTests.release.xcconfig */ = {isa = PBXFileReference; includeInIndex = 1; lastKnownFileType = text.xcconfig; name = "Pods-HotMessTests.release.xcconfig"; path = "Pods/Target Support Files/Pods-HotMessTests/Pods-HotMessTests.release.xcconfig"; sourceTree = "<group>"; };
		C9207A914AEA505100844907 /* PersonInfoCell.swift */ = {isa = PBXFileReference; fileEncoding = 4; lastKnownFileType = sourcecode.swift; name = PersonInfoCell.swift; path = Views/PersonInfoCell.swift; sourceTree = "<group>"; };
		C93373111E5EEB5B00497879 /* NowService.swift */ = {isa = PBXFileReference; fileEncoding = 4; lastKnownFileType = sourcecode.swift; name = NowService.swift; path = Services/NowService.swift; sourceTree = "<group>"; };
		C93373151E5EEF0000497879 /* Now.swift */ = {isa = PBXFileReference; fileEncoding = 4; lastKnownFileType = sourcecode.swift; name = Now.swift; path = Models/Now.swift; sourceTree = "<group>"; };
		C94A5AB01E1B7B2B004601AA /* HotMess.app */ = {isa = PBXFileReference; explicitFileType = wrapper.application; includeInIndex = 0; path = HotMess.app; sourceTree = BUILT_PRODUCTS_DIR; };
		C94A5AB31E1B7B2B004601AA /* AppDelegate.swift */ = {isa = PBXFileReference; lastKnownFileType = sourcecode.swift; path = AppDelegate.swift; sourceTree = "<group>"; };
		C94A5AB51E1B7B2B004601AA /* NowViewController.swift */ = {isa = PBXFileReference; lastKnownFileType = sourcecode.swift; path = NowViewController.swift; sourceTree = "<group>"; };
		C94A5AB71E1B7B2B004601AA /* VenuesViewController.swift */ = {isa = PBXFileReference; lastKnownFileType = sourcecode.swift; path = VenuesViewController.swift; sourceTree = "<group>"; };
		C94A5ABA1E1B7B2B004601AA /* Base */ = {isa = PBXFileReference; lastKnownFileType = file.storyboard; name = Base; path = Base.lproj/Main.storyboard; sourceTree = "<group>"; };
		C94A5ABC1E1B7B2B004601AA /* Assets.xcassets */ = {isa = PBXFileReference; lastKnownFileType = folder.assetcatalog; path = Assets.xcassets; sourceTree = "<group>"; };
		C94A5ABF1E1B7B2B004601AA /* Base */ = {isa = PBXFileReference; lastKnownFileType = file.storyboard; name = Base; path = Base.lproj/LaunchScreen.storyboard; sourceTree = "<group>"; };
		C94A5AC11E1B7B2B004601AA /* Info.plist */ = {isa = PBXFileReference; lastKnownFileType = text.plist.xml; path = Info.plist; sourceTree = "<group>"; };
		C94A5AC61E1B7B2B004601AA /* HotMessTests.xctest */ = {isa = PBXFileReference; explicitFileType = wrapper.cfbundle; includeInIndex = 0; path = HotMessTests.xctest; sourceTree = BUILT_PRODUCTS_DIR; };
		C94A5ACA1E1B7B2B004601AA /* HotMessTests.swift */ = {isa = PBXFileReference; lastKnownFileType = sourcecode.swift; path = HotMessTests.swift; sourceTree = "<group>"; };
		C94A5ACC1E1B7B2B004601AA /* Info.plist */ = {isa = PBXFileReference; lastKnownFileType = text.plist.xml; path = Info.plist; sourceTree = "<group>"; };
		C94A5AD11E1B7B2B004601AA /* HotMessUITests.xctest */ = {isa = PBXFileReference; explicitFileType = wrapper.cfbundle; includeInIndex = 0; path = HotMessUITests.xctest; sourceTree = BUILT_PRODUCTS_DIR; };
		C94A5AD51E1B7B2B004601AA /* HotMessUITests.swift */ = {isa = PBXFileReference; lastKnownFileType = sourcecode.swift; path = HotMessUITests.swift; sourceTree = "<group>"; };
		C94A5AD71E1B7B2B004601AA /* Info.plist */ = {isa = PBXFileReference; lastKnownFileType = text.plist.xml; path = Info.plist; sourceTree = "<group>"; };
		C953DB501E1B7F46003FA4E9 /* BridgeHeader.h */ = {isa = PBXFileReference; fileEncoding = 4; lastKnownFileType = sourcecode.c.h; path = BridgeHeader.h; sourceTree = "<group>"; };
		C9570A2A1E479F7A00A94395 /* EventTableViewCell.swift */ = {isa = PBXFileReference; fileEncoding = 4; lastKnownFileType = sourcecode.swift; path = EventTableViewCell.swift; sourceTree = "<group>"; };
		C9570A2C1E47A71500A94395 /* VenueTableViewCell.swift */ = {isa = PBXFileReference; fileEncoding = 4; lastKnownFileType = sourcecode.swift; path = VenueTableViewCell.swift; sourceTree = "<group>"; };
		C95F6E4E1E513394009E43A4 /* PeopleViewController.swift */ = {isa = PBXFileReference; fileEncoding = 4; lastKnownFileType = sourcecode.swift; path = PeopleViewController.swift; sourceTree = "<group>"; };
		C96779181E26082900BC263D /* VenueViewController.swift */ = {isa = PBXFileReference; fileEncoding = 4; lastKnownFileType = sourcecode.swift; path = VenueViewController.swift; sourceTree = "<group>"; };
		C96BB0FF1E78457A008F061E /* EventDetail.swift */ = {isa = PBXFileReference; fileEncoding = 4; lastKnownFileType = sourcecode.swift; name = EventDetail.swift; path = Models/EventDetail.swift; sourceTree = "<group>"; };
		C96E198A1E80901B00FDE88E /* ConversationMessageCell.swift */ = {isa = PBXFileReference; fileEncoding = 4; lastKnownFileType = sourcecode.swift; path = ConversationMessageCell.swift; sourceTree = "<group>"; };
		C96F09811E4307DE009B3911 /* Locale.swift */ = {isa = PBXFileReference; fileEncoding = 4; lastKnownFileType = sourcecode.swift; name = Locale.swift; path = Models/Locale.swift; sourceTree = "<group>"; };
		C96F09831E430822009B3911 /* LocaleService.swift */ = {isa = PBXFileReference; fileEncoding = 4; lastKnownFileType = sourcecode.swift; name = LocaleService.swift; path = Services/LocaleService.swift; sourceTree = "<group>"; };
		C9782C9C1E1E02D5005FB286 /* Base */ = {isa = PBXFileReference; lastKnownFileType = text.plist.strings; name = Base; path = Base.lproj/InfoPlist.strings; sourceTree = "<group>"; };
		C97E4B451E67A0800069E965 /* PersonViewController.swift */ = {isa = PBXFileReference; fileEncoding = 4; lastKnownFileType = sourcecode.swift; path = PersonViewController.swift; sourceTree = "<group>"; };
		C97E4B471E67A0B80069E965 /* EventViewController.swift */ = {isa = PBXFileReference; fileEncoding = 4; lastKnownFileType = sourcecode.swift; name = EventViewController.swift; path = ViewControllers/EventViewController.swift; sourceTree = "<group>"; };
		C97E4B491E67A10A0069E965 /* Model.swift */ = {isa = PBXFileReference; fileEncoding = 4; lastKnownFileType = sourcecode.swift; name = Model.swift; path = Models/Model.swift; sourceTree = "<group>"; };
		C97F0DE61E54F1C100C615BA /* SettingsViewController.swift */ = {isa = PBXFileReference; fileEncoding = 4; lastKnownFileType = sourcecode.swift; name = SettingsViewController.swift; path = ViewControllers/SettingsViewController.swift; sourceTree = "<group>"; };
		C97F0DE81E552FCD00C615BA /* PersonTableViewCell.swift */ = {isa = PBXFileReference; fileEncoding = 4; lastKnownFileType = sourcecode.swift; name = PersonTableViewCell.swift; path = Views/PersonTableViewCell.swift; sourceTree = "<group>"; };
		C986C1F51E781C7C003A4795 /* ProximaNova-Regular.otf */ = {isa = PBXFileReference; lastKnownFileType = file; name = "ProximaNova-Regular.otf"; path = "Resources/ProximaNova-Regular.otf"; sourceTree = "<group>"; };
		C986C1F61E781C7C003A4795 /* ProximaNova-RegularT50.otf */ = {isa = PBXFileReference; lastKnownFileType = file; name = "ProximaNova-RegularT50.otf"; path = "Resources/ProximaNova-RegularT50.otf"; sourceTree = "<group>"; };
		C986C1F71E781C7C003A4795 /* ProximaNova-RegularT100.otf */ = {isa = PBXFileReference; lastKnownFileType = file; name = "ProximaNova-RegularT100.otf"; path = "Resources/ProximaNova-RegularT100.otf"; sourceTree = "<group>"; };
		C986C1F81E781C7C003A4795 /* ProximaNova-SemiBold.otf */ = {isa = PBXFileReference; lastKnownFileType = file; name = "ProximaNova-SemiBold.otf"; path = "Resources/ProximaNova-SemiBold.otf"; sourceTree = "<group>"; };
		C986C1F91E781C7C003A4795 /* ProximaNova-SemiBoldT50.otf */ = {isa = PBXFileReference; lastKnownFileType = file; name = "ProximaNova-SemiBoldT50.otf"; path = "Resources/ProximaNova-SemiBoldT50.otf"; sourceTree = "<group>"; };
		C986C1FA1E781C7C003A4795 /* ProximaNova-SemiBoldT100.otf */ = {isa = PBXFileReference; lastKnownFileType = file; name = "ProximaNova-SemiBoldT100.otf"; path = "Resources/ProximaNova-SemiBoldT100.otf"; sourceTree = "<group>"; };
		C98A26001E25890500F62464 /* Venue.swift */ = {isa = PBXFileReference; fileEncoding = 4; lastKnownFileType = sourcecode.swift; name = Venue.swift; path = Models/Venue.swift; sourceTree = "<group>"; };
		C98A26021E25891900F62464 /* VenuesService.swift */ = {isa = PBXFileReference; fileEncoding = 4; lastKnownFileType = sourcecode.swift; name = VenuesService.swift; path = Services/VenuesService.swift; sourceTree = "<group>"; };
		C98BEDC81E1CB5F2008F48AB /* SessionService.swift */ = {isa = PBXFileReference; fileEncoding = 4; lastKnownFileType = sourcecode.swift; name = SessionService.swift; path = Services/SessionService.swift; sourceTree = "<group>"; };
		C98BEDCA1E1CC420008F48AB /* RequestService.swift */ = {isa = PBXFileReference; fileEncoding = 4; lastKnownFileType = sourcecode.swift; name = RequestService.swift; path = Services/RequestService.swift; sourceTree = "<group>"; };
		C98D7F2F1E7C0FAC007BE6A6 /* DataRequest.swift */ = {isa = PBXFileReference; fileEncoding = 4; lastKnownFileType = sourcecode.swift; name = DataRequest.swift; path = Services/DataRequest.swift; sourceTree = "<group>"; };
		C9968DA51E7B1B6F0001AA92 /* TrackTableViewCell.swift */ = {isa = PBXFileReference; fileEncoding = 4; lastKnownFileType = sourcecode.swift; path = TrackTableViewCell.swift; sourceTree = "<group>"; };
		C998EE291E5EA1F30017ED96 /* Friend.swift */ = {isa = PBXFileReference; fileEncoding = 4; lastKnownFileType = sourcecode.swift; name = Friend.swift; path = Models/Friend.swift; sourceTree = "<group>"; };
		C998EE2B1E5EA7C40017ED96 /* FriendsService.swift */ = {isa = PBXFileReference; fileEncoding = 4; lastKnownFileType = sourcecode.swift; name = FriendsService.swift; path = Services/FriendsService.swift; sourceTree = "<group>"; };
		C998EE2D1E5EADE70017ED96 /* FriendTableViewCell.swift */ = {isa = PBXFileReference; fileEncoding = 4; lastKnownFileType = sourcecode.swift; name = FriendTableViewCell.swift; path = Views/FriendTableViewCell.swift; sourceTree = "<group>"; };
		C998EE2F1E5EB2000017ED96 /* HeroTableViewCell.swift */ = {isa = PBXFileReference; fileEncoding = 4; lastKnownFileType = sourcecode.swift; name = HeroTableViewCell.swift; path = Views/HeroTableViewCell.swift; sourceTree = "<group>"; };
		C99B12A41E72D88D002466C7 /* Venues.swift */ = {isa = PBXFileReference; fileEncoding = 4; lastKnownFileType = sourcecode.swift; name = Venues.swift; path = Models/Venues.swift; sourceTree = "<group>"; };
		C99EFFD91E1C682000720341 /* LoginViewController.swift */ = {isa = PBXFileReference; fileEncoding = 4; lastKnownFileType = sourcecode.swift; name = LoginViewController.swift; path = ViewControllers/LoginViewController.swift; sourceTree = "<group>"; };
		C99EFFDB1E1CA43B00720341 /* HotMess.entitlements */ = {isa = PBXFileReference; lastKnownFileType = text.plist.entitlements; path = HotMess.entitlements; sourceTree = "<group>"; };
		C99EFFDC1E1CA44700720341 /* PassKit.framework */ = {isa = PBXFileReference; lastKnownFileType = wrapper.framework; name = PassKit.framework; path = System/Library/Frameworks/PassKit.framework; sourceTree = SDKROOT; };
		C9A81D171E516EA600A9A9D6 /* Person.swift */ = {isa = PBXFileReference; fileEncoding = 4; lastKnownFileType = sourcecode.swift; name = Person.swift; path = Models/Person.swift; sourceTree = "<group>"; };
		C9A81D191E516F2E00A9A9D6 /* PeopleService.swift */ = {isa = PBXFileReference; fileEncoding = 4; lastKnownFileType = sourcecode.swift; name = PeopleService.swift; path = Services/PeopleService.swift; sourceTree = "<group>"; };
		C9B62C7C1E77470C00F72EC4 /* Track.swift */ = {isa = PBXFileReference; fileEncoding = 4; lastKnownFileType = sourcecode.swift; name = Track.swift; path = Models/Track.swift; sourceTree = "<group>"; };
		C9B62C7E1E774BDF00F72EC4 /* PersonDetail.swift */ = {isa = PBXFileReference; fileEncoding = 4; lastKnownFileType = sourcecode.swift; name = PersonDetail.swift; path = Models/PersonDetail.swift; sourceTree = "<group>"; };
		C9B62C801E774C5C00F72EC4 /* VenueDetail.swift */ = {isa = PBXFileReference; fileEncoding = 4; lastKnownFileType = sourcecode.swift; name = VenueDetail.swift; path = Models/VenueDetail.swift; sourceTree = "<group>"; };
		C9B62C821E774F1600F72EC4 /* SocialLink.swift */ = {isa = PBXFileReference; fileEncoding = 4; lastKnownFileType = sourcecode.swift; name = SocialLink.swift; path = Models/SocialLink.swift; sourceTree = "<group>"; };
		C9C4608F1E2DB51B00EFD119 /* EventsViewController.swift */ = {isa = PBXFileReference; fileEncoding = 4; lastKnownFileType = sourcecode.swift; name = EventsViewController.swift; path = ViewControllers/EventsViewController.swift; sourceTree = "<group>"; };
		C9C4A8A01E7F49BC00F3B6C0 /* VenueConversation.swift */ = {isa = PBXFileReference; fileEncoding = 4; lastKnownFileType = sourcecode.swift; name = VenueConversation.swift; path = Models/VenueConversation.swift; sourceTree = "<group>"; };
		C9CE0C401E4A8FBC00E9A909 /* DistanceFormatter.swift */ = {isa = PBXFileReference; fileEncoding = 4; lastKnownFileType = sourcecode.swift; name = DistanceFormatter.swift; path = Views/DistanceFormatter.swift; sourceTree = "<group>"; };
		C9D795DB1E807629007961F7 /* PersonCell.swift */ = {isa = PBXFileReference; fileEncoding = 4; lastKnownFileType = sourcecode.swift; path = PersonCell.swift; sourceTree = "<group>"; };
		C9D795DD1E8077C2007961F7 /* FriendListTableViewCell.swift */ = {isa = PBXFileReference; fileEncoding = 4; lastKnownFileType = sourcecode.swift; path = FriendListTableViewCell.swift; sourceTree = "<group>"; };
		C9DD61B31E80B9C500947C60 /* VenueMessage.swift */ = {isa = PBXFileReference; fileEncoding = 4; lastKnownFileType = sourcecode.swift; name = VenueMessage.swift; path = Models/VenueMessage.swift; sourceTree = "<group>"; };
		C9EA337D1E821CCB000A7D76 /* VenueConversationViewController.swift */ = {isa = PBXFileReference; fileEncoding = 4; lastKnownFileType = sourcecode.swift; name = VenueConversationViewController.swift; path = ViewControllers/VenueConversationViewController.swift; sourceTree = "<group>"; };
		C9F1F5D71E284783005CF7FD /* EventsService.swift */ = {isa = PBXFileReference; fileEncoding = 4; lastKnownFileType = sourcecode.swift; name = EventsService.swift; path = Services/EventsService.swift; sourceTree = "<group>"; };
		C9F1F5D91E2847A9005CF7FD /* Event.swift */ = {isa = PBXFileReference; fileEncoding = 4; lastKnownFileType = sourcecode.swift; name = Event.swift; path = Models/Event.swift; sourceTree = "<group>"; };
		C9F34AF01E2089E100C5049B /* LoginView.xib */ = {isa = PBXFileReference; fileEncoding = 4; lastKnownFileType = file.xib; name = LoginView.xib; path = Views/LoginView.xib; sourceTree = "<group>"; };
		C9F34AF21E208BA800C5049B /* UserService.swift */ = {isa = PBXFileReference; fileEncoding = 4; lastKnownFileType = sourcecode.swift; name = UserService.swift; path = Services/UserService.swift; sourceTree = "<group>"; };
		C9F34AF51E208BF100C5049B /* User.swift */ = {isa = PBXFileReference; fileEncoding = 4; lastKnownFileType = sourcecode.swift; name = User.swift; path = Models/User.swift; sourceTree = "<group>"; };
		D7697D8D67C5BCFBC5E60BD2 /* Pods-HotMess.debug.xcconfig */ = {isa = PBXFileReference; includeInIndex = 1; lastKnownFileType = text.xcconfig; name = "Pods-HotMess.debug.xcconfig"; path = "Pods/Target Support Files/Pods-HotMess/Pods-HotMess.debug.xcconfig"; sourceTree = "<group>"; };
		D8453045752088229BA3E7B5 /* Pods-HotMess.release.xcconfig */ = {isa = PBXFileReference; includeInIndex = 1; lastKnownFileType = text.xcconfig; name = "Pods-HotMess.release.xcconfig"; path = "Pods/Target Support Files/Pods-HotMess/Pods-HotMess.release.xcconfig"; sourceTree = "<group>"; };
/* End PBXFileReference section */

/* Begin PBXFrameworksBuildPhase section */
		C94A5AAD1E1B7B2A004601AA /* Frameworks */ = {
			isa = PBXFrameworksBuildPhase;
			buildActionMask = 2147483647;
			files = (
				C99EFFDD1E1CA44700720341 /* PassKit.framework in Frameworks */,
				F348DD0B5851CD79CA6F04CD /* Pods_HotMess.framework in Frameworks */,
			);
			runOnlyForDeploymentPostprocessing = 0;
		};
		C94A5AC31E1B7B2B004601AA /* Frameworks */ = {
			isa = PBXFrameworksBuildPhase;
			buildActionMask = 2147483647;
			files = (
				46DC4F5CC2ECE10C23283E97 /* Pods_HotMessTests.framework in Frameworks */,
			);
			runOnlyForDeploymentPostprocessing = 0;
		};
		C94A5ACE1E1B7B2B004601AA /* Frameworks */ = {
			isa = PBXFrameworksBuildPhase;
			buildActionMask = 2147483647;
			files = (
				FDDEBA24E515FF2FB977FF26 /* Pods_HotMessUITests.framework in Frameworks */,
			);
			runOnlyForDeploymentPostprocessing = 0;
		};
/* End PBXFrameworksBuildPhase section */

/* Begin PBXGroup section */
		960D8E2B450EA3AA5F336CA9 /* Pods */ = {
			isa = PBXGroup;
			children = (
				D7697D8D67C5BCFBC5E60BD2 /* Pods-HotMess.debug.xcconfig */,
				D8453045752088229BA3E7B5 /* Pods-HotMess.release.xcconfig */,
				2C5F96E2CC35181398D83382 /* Pods-HotMessTests.debug.xcconfig */,
				BE4B30C5ECB95415D3499505 /* Pods-HotMessTests.release.xcconfig */,
				3107986BD80C0B8495B565BC /* Pods-HotMessUITests.debug.xcconfig */,
				8BF8AB7DBAEABF8D94F2DA24 /* Pods-HotMessUITests.release.xcconfig */,
			);
			name = Pods;
			sourceTree = "<group>";
		};
		C94A5AA71E1B7B2A004601AA = {
			isa = PBXGroup;
			children = (
				C94A5AB21E1B7B2B004601AA /* HotMess */,
				C94A5AC91E1B7B2B004601AA /* HotMessTests */,
				C94A5AD41E1B7B2B004601AA /* HotMessUITests */,
				C94A5AB11E1B7B2B004601AA /* Products */,
				960D8E2B450EA3AA5F336CA9 /* Pods */,
				EF24620A0379C7B73FF563EA /* Frameworks */,
			);
			sourceTree = "<group>";
		};
		C94A5AB11E1B7B2B004601AA /* Products */ = {
			isa = PBXGroup;
			children = (
				C94A5AB01E1B7B2B004601AA /* HotMess.app */,
				C94A5AC61E1B7B2B004601AA /* HotMessTests.xctest */,
				C94A5AD11E1B7B2B004601AA /* HotMessUITests.xctest */,
			);
			name = Products;
			sourceTree = "<group>";
		};
		C94A5AB21E1B7B2B004601AA /* HotMess */ = {
			isa = PBXGroup;
			children = (
				C986C1F41E781C71003A4795 /* Resources */,
				C9F34AF41E208BE200C5049B /* Models */,
				C9F34AEF1E2089C100C5049B /* Views */,
				C98BEDC51E1CB00A008F48AB /* Support Files */,
				C98BEDC41E1CB001008F48AB /* Services */,
				C99EFFD81E1C67EB00720341 /* View Controllers */,
				C94A5AB31E1B7B2B004601AA /* AppDelegate.swift */,
			);
			path = HotMess;
			sourceTree = "<group>";
		};
		C94A5AC91E1B7B2B004601AA /* HotMessTests */ = {
			isa = PBXGroup;
			children = (
				C94A5ACA1E1B7B2B004601AA /* HotMessTests.swift */,
				C94A5ACC1E1B7B2B004601AA /* Info.plist */,
			);
			path = HotMessTests;
			sourceTree = "<group>";
		};
		C94A5AD41E1B7B2B004601AA /* HotMessUITests */ = {
			isa = PBXGroup;
			children = (
				C94A5AD51E1B7B2B004601AA /* HotMessUITests.swift */,
				C94A5AD71E1B7B2B004601AA /* Info.plist */,
			);
			path = HotMessUITests;
			sourceTree = "<group>";
		};
		C986C1F41E781C71003A4795 /* Resources */ = {
			isa = PBXGroup;
			children = (
				C986C1F51E781C7C003A4795 /* ProximaNova-Regular.otf */,
				C986C1F61E781C7C003A4795 /* ProximaNova-RegularT50.otf */,
				C986C1F71E781C7C003A4795 /* ProximaNova-RegularT100.otf */,
				C986C1F81E781C7C003A4795 /* ProximaNova-SemiBold.otf */,
				C986C1F91E781C7C003A4795 /* ProximaNova-SemiBoldT50.otf */,
				C986C1FA1E781C7C003A4795 /* ProximaNova-SemiBoldT100.otf */,
			);
			name = Resources;
			sourceTree = "<group>";
		};
		C98BEDC41E1CB001008F48AB /* Services */ = {
			isa = PBXGroup;
			children = (
				C98BEDC81E1CB5F2008F48AB /* SessionService.swift */,
				C98BEDCA1E1CC420008F48AB /* RequestService.swift */,
				C9F34AF21E208BA800C5049B /* UserService.swift */,
				C98A26021E25891900F62464 /* VenuesService.swift */,
				C9F1F5D71E284783005CF7FD /* EventsService.swift */,
				C96F09831E430822009B3911 /* LocaleService.swift */,
				C9A81D191E516F2E00A9A9D6 /* PeopleService.swift */,
				C998EE2B1E5EA7C40017ED96 /* FriendsService.swift */,
				C93373111E5EEB5B00497879 /* NowService.swift */,
				C98D7F2F1E7C0FAC007BE6A6 /* DataRequest.swift */,
				A3BAE79CC4BE4B3A6B7C7871 /* RealtimeService.swift */,
			);
			name = Services;
			sourceTree = "<group>";
		};
		C98BEDC51E1CB00A008F48AB /* Support Files */ = {
			isa = PBXGroup;
			children = (
				C94A5AC11E1B7B2B004601AA /* Info.plist */,
				C953DB501E1B7F46003FA4E9 /* BridgeHeader.h */,
				C94A5ABC1E1B7B2B004601AA /* Assets.xcassets */,
				C99EFFDB1E1CA43B00720341 /* HotMess.entitlements */,
				C9782C9B1E1E02D5005FB286 /* InfoPlist.strings */,
			);
			name = "Support Files";
			sourceTree = "<group>";
		};
		C99EFFD81E1C67EB00720341 /* View Controllers */ = {
			isa = PBXGroup;
			children = (
				C94A5AB71E1B7B2B004601AA /* VenuesViewController.swift */,
				C94A5AB51E1B7B2B004601AA /* NowViewController.swift */,
				C99EFFD91E1C682000720341 /* LoginViewController.swift */,
				C96779181E26082900BC263D /* VenueViewController.swift */,
				C9C4608F1E2DB51B00EFD119 /* EventsViewController.swift */,
				C95F6E4E1E513394009E43A4 /* PeopleViewController.swift */,
				C97F0DE61E54F1C100C615BA /* SettingsViewController.swift */,
				C97E4B451E67A0800069E965 /* PersonViewController.swift */,
				C97E4B471E67A0B80069E965 /* EventViewController.swift */,
				C9EA337D1E821CCB000A7D76 /* VenueConversationViewController.swift */,
			);
			name = "View Controllers";
			sourceTree = "<group>";
		};
		C9F34AEF1E2089C100C5049B /* Views */ = {
			isa = PBXGroup;
			children = (
				C94A5ABE1E1B7B2B004601AA /* LaunchScreen.storyboard */,
				C94A5AB91E1B7B2B004601AA /* Main.storyboard */,
				C9F34AF01E2089E100C5049B /* LoginView.xib */,
				C9570A2A1E479F7A00A94395 /* EventTableViewCell.swift */,
				C9570A2C1E47A71500A94395 /* VenueTableViewCell.swift */,
				C9CE0C401E4A8FBC00E9A909 /* DistanceFormatter.swift */,
				C97F0DE81E552FCD00C615BA /* PersonTableViewCell.swift */,
				C998EE2D1E5EADE70017ED96 /* FriendTableViewCell.swift */,
				C998EE2F1E5EB2000017ED96 /* HeroTableViewCell.swift */,
				C9968DA51E7B1B6F0001AA92 /* TrackTableViewCell.swift */,
				C9D795DB1E807629007961F7 /* PersonCell.swift */,
				C9D795DD1E8077C2007961F7 /* FriendListTableViewCell.swift */,
				C96E198A1E80901B00FDE88E /* ConversationMessageCell.swift */,
				C9207A914AEA505100844907 /* PersonInfoCell.swift */,
			);
			name = Views;
			sourceTree = "<group>";
		};
		C9F34AF41E208BE200C5049B /* Models */ = {
			isa = PBXGroup;
			children = (
				C9B62C821E774F1600F72EC4 /* SocialLink.swift */,
				C93373151E5EEF0000497879 /* Now.swift */,
				C9F34AF51E208BF100C5049B /* User.swift */,
				C98A26001E25890500F62464 /* Venue.swift */,
				C9F1F5D91E2847A9005CF7FD /* Event.swift */,
				C96F09811E4307DE009B3911 /* Locale.swift */,
				C9A81D171E516EA600A9A9D6 /* Person.swift */,
				C998EE291E5EA1F30017ED96 /* Friend.swift */,
				C97E4B491E67A10A0069E965 /* Model.swift */,
				C99B12A41E72D88D002466C7 /* Venues.swift */,
				C9B62C7C1E77470C00F72EC4 /* Track.swift */,
				C9B62C7E1E774BDF00F72EC4 /* PersonDetail.swift */,
				C9B62C801E774C5C00F72EC4 /* VenueDetail.swift */,
				C96BB0FF1E78457A008F061E /* EventDetail.swift */,
				C9C4A8A01E7F49BC00F3B6C0 /* VenueConversation.swift */,
				C9DD61B31E80B9C500947C60 /* VenueMessage.swift */,
			);
			name = Models;
			sourceTree = "<group>";
		};
		EF24620A0379C7B73FF563EA /* Frameworks */ = {
			isa = PBXGroup;
			children = (
				C99EFFDC1E1CA44700720341 /* PassKit.framework */,
				580A18D82915AD829D2D8A27 /* Pods_HotMess.framework */,
				647341D151A3053245AF1DDC /* Pods_HotMessTests.framework */,
				79CB199A43A3B1C7B5801D8C /* Pods_HotMessUITests.framework */,
			);
			name = Frameworks;
			sourceTree = "<group>";
		};
/* End PBXGroup section */

/* Begin PBXNativeTarget section */
		C94A5AAF1E1B7B2A004601AA /* HotMess */ = {
			isa = PBXNativeTarget;
			buildConfigurationList = C94A5ADA1E1B7B2B004601AA /* Build configuration list for PBXNativeTarget "HotMess" */;
			buildPhases = (
				C8A0501783B3904970ADBDB7 /* [CP] Check Pods Manifest.lock */,
				C94A5AAC1E1B7B2A004601AA /* Sources */,
				C94A5AAD1E1B7B2A004601AA /* Frameworks */,
				C96396D41E4AAD5C00D70DC1 /* Increment Build Number */,
				C94A5AAE1E1B7B2A004601AA /* Resources */,
				5E7AC517CDA13BFF36FA728D /* [CP] Embed Pods Frameworks */,
				FEFB3998A9D7FF6BF807CCB6 /* [CP] Copy Pods Resources */,
			);
			buildRules = (
			);
			dependencies = (
			);
			name = HotMess;
			productName = HotMess;
			productReference = C94A5AB01E1B7B2B004601AA /* HotMess.app */;
			productType = "com.apple.product-type.application";
		};
		C94A5AC51E1B7B2B004601AA /* HotMessTests */ = {
			isa = PBXNativeTarget;
			buildConfigurationList = C94A5ADD1E1B7B2B004601AA /* Build configuration list for PBXNativeTarget "HotMessTests" */;
			buildPhases = (
				CFB0E9D602B3619AE96AA3BB /* [CP] Check Pods Manifest.lock */,
				C94A5AC21E1B7B2B004601AA /* Sources */,
				C94A5AC31E1B7B2B004601AA /* Frameworks */,
				C94A5AC41E1B7B2B004601AA /* Resources */,
				A973F558D81C6DE93305C5C2 /* [CP] Embed Pods Frameworks */,
				235AA03DD30EA0BCD1524DF0 /* [CP] Copy Pods Resources */,
			);
			buildRules = (
			);
			dependencies = (
				C94A5AC81E1B7B2B004601AA /* PBXTargetDependency */,
			);
			name = HotMessTests;
			productName = HotMessTests;
			productReference = C94A5AC61E1B7B2B004601AA /* HotMessTests.xctest */;
			productType = "com.apple.product-type.bundle.unit-test";
		};
		C94A5AD01E1B7B2B004601AA /* HotMessUITests */ = {
			isa = PBXNativeTarget;
			buildConfigurationList = C94A5AE01E1B7B2B004601AA /* Build configuration list for PBXNativeTarget "HotMessUITests" */;
			buildPhases = (
				5F7D2E8147B8E264D905A23C /* [CP] Check Pods Manifest.lock */,
				C94A5ACD1E1B7B2B004601AA /* Sources */,
				C94A5ACE1E1B7B2B004601AA /* Frameworks */,
				C94A5ACF1E1B7B2B004601AA /* Resources */,
				6298DD364CCF505C1E3A07DB /* [CP] Embed Pods Frameworks */,
				38D4E02D4C1A4AFCFD8BF4FB /* [CP] Copy Pods Resources */,
			);
			buildRules = (
			);
			dependencies = (
				C94A5AD31E1B7B2B004601AA /* PBXTargetDependency */,
			);
			name = HotMessUITests;
			productName = HotMessUITests;
			productReference = C94A5AD11E1B7B2B004601AA /* HotMessUITests.xctest */;
			productType = "com.apple.product-type.bundle.ui-testing";
		};
/* End PBXNativeTarget section */

/* Begin PBXProject section */
		C94A5AA81E1B7B2A004601AA /* Project object */ = {
			isa = PBXProject;
			attributes = {
				LastSwiftUpdateCheck = 0820;
				LastUpgradeCheck = 0820;
				ORGANIZATIONNAME = "Hot Mess and Co.";
				TargetAttributes = {
					C94A5AAF1E1B7B2A004601AA = {
						CreatedOnToolsVersion = 8.2.1;
						DevelopmentTeam = DWVXMLB45Y;
						ProvisioningStyle = Automatic;
						SystemCapabilities = {
							com.apple.BackgroundModes = {
								enabled = 1;
							};
							com.apple.Push = {
								enabled = 1;
							};
							com.apple.Wallet = {
								enabled = 1;
							};
						};
					};
					C94A5AC51E1B7B2B004601AA = {
						CreatedOnToolsVersion = 8.2.1;
						DevelopmentTeam = DWVXMLB45Y;
						ProvisioningStyle = Automatic;
						TestTargetID = C94A5AAF1E1B7B2A004601AA;
					};
					C94A5AD01E1B7B2B004601AA = {
						CreatedOnToolsVersion = 8.2.1;
						DevelopmentTeam = DWVXMLB45Y;
						ProvisioningStyle = Automatic;
						TestTargetID = C94A5AAF1E1B7B2A004601AA;
					};
				};
			};
			buildConfigurationList = C94A5AAB1E1B7B2A004601AA /* Build configuration list for PBXProject "HotMess" */;
			compatibilityVersion = "Xcode 3.2";
			developmentRegion = English;
			hasScannedForEncodings = 0;
			knownRegions = (
				en,
				Base,
			);
			mainGroup = C94A5AA71E1B7B2A004601AA;
			productRefGroup = C94A5AB11E1B7B2B004601AA /* Products */;
			projectDirPath = "";
			projectRoot = "";
			targets = (
				C94A5AAF1E1B7B2A004601AA /* HotMess */,
				C94A5AC51E1B7B2B004601AA /* HotMessTests */,
				C94A5AD01E1B7B2B004601AA /* HotMessUITests */,
			);
		};
/* End PBXProject section */

/* Begin PBXResourcesBuildPhase section */
		C94A5AAE1E1B7B2A004601AA /* Resources */ = {
			isa = PBXResourcesBuildPhase;
			buildActionMask = 2147483647;
			files = (
				C94A5AC01E1B7B2B004601AA /* LaunchScreen.storyboard in Resources */,
				C986C1FB1E781C7C003A4795 /* ProximaNova-Regular.otf in Resources */,
				C986C1FD1E781C7C003A4795 /* ProximaNova-RegularT100.otf in Resources */,
				C986C1FF1E781C7C003A4795 /* ProximaNova-SemiBoldT50.otf in Resources */,
				C94A5ABD1E1B7B2B004601AA /* Assets.xcassets in Resources */,
				C9782C9D1E1E02D5005FB286 /* InfoPlist.strings in Resources */,
				C986C1FE1E781C7C003A4795 /* ProximaNova-SemiBold.otf in Resources */,
				C9F34AF11E2089E100C5049B /* LoginView.xib in Resources */,
				C986C2001E781C7C003A4795 /* ProximaNova-SemiBoldT100.otf in Resources */,
				C986C1FC1E781C7C003A4795 /* ProximaNova-RegularT50.otf in Resources */,
				C94A5ABB1E1B7B2B004601AA /* Main.storyboard in Resources */,
			);
			runOnlyForDeploymentPostprocessing = 0;
		};
		C94A5AC41E1B7B2B004601AA /* Resources */ = {
			isa = PBXResourcesBuildPhase;
			buildActionMask = 2147483647;
			files = (
			);
			runOnlyForDeploymentPostprocessing = 0;
		};
		C94A5ACF1E1B7B2B004601AA /* Resources */ = {
			isa = PBXResourcesBuildPhase;
			buildActionMask = 2147483647;
			files = (
			);
			runOnlyForDeploymentPostprocessing = 0;
		};
/* End PBXResourcesBuildPhase section */

/* Begin PBXShellScriptBuildPhase section */
		235AA03DD30EA0BCD1524DF0 /* [CP] Copy Pods Resources */ = {
			isa = PBXShellScriptBuildPhase;
			buildActionMask = 2147483647;
			files = (
			);
			inputPaths = (
			);
			name = "[CP] Copy Pods Resources";
			outputPaths = (
			);
			runOnlyForDeploymentPostprocessing = 0;
			shellPath = /bin/sh;
			shellScript = "\"${SRCROOT}/Pods/Target Support Files/Pods-HotMessTests/Pods-HotMessTests-resources.sh\"\n";
			showEnvVarsInLog = 0;
		};
		38D4E02D4C1A4AFCFD8BF4FB /* [CP] Copy Pods Resources */ = {
			isa = PBXShellScriptBuildPhase;
			buildActionMask = 2147483647;
			files = (
			);
			inputPaths = (
			);
			name = "[CP] Copy Pods Resources";
			outputPaths = (
			);
			runOnlyForDeploymentPostprocessing = 0;
			shellPath = /bin/sh;
			shellScript = "\"${SRCROOT}/Pods/Target Support Files/Pods-HotMessUITests/Pods-HotMessUITests-resources.sh\"\n";
			showEnvVarsInLog = 0;
		};
		5E7AC517CDA13BFF36FA728D /* [CP] Embed Pods Frameworks */ = {
			isa = PBXShellScriptBuildPhase;
			buildActionMask = 2147483647;
			files = (
			);
			inputPaths = (
			);
			name = "[CP] Embed Pods Frameworks";
			outputPaths = (
			);
			runOnlyForDeploymentPostprocessing = 0;
			shellPath = /bin/sh;
			shellScript = "\"${SRCROOT}/Pods/Target Support Files/Pods-HotMess/Pods-HotMess-frameworks.sh\"\n";
			showEnvVarsInLog = 0;
		};
		5F7D2E8147B8E264D905A23C /* [CP] Check Pods Manifest.lock */ = {
			isa = PBXShellScriptBuildPhase;
			buildActionMask = 2147483647;
			files = (
			);
			inputPaths = (
			);
			name = "[CP] Check Pods Manifest.lock";
			outputPaths = (
			);
			runOnlyForDeploymentPostprocessing = 0;
			shellPath = /bin/sh;
			shellScript = "diff \"${PODS_ROOT}/../Podfile.lock\" \"${PODS_ROOT}/Manifest.lock\" > /dev/null\nif [ $? != 0 ] ; then\n    # print error to STDERR\n    echo \"error: The sandbox is not in sync with the Podfile.lock. Run 'pod install' or update your CocoaPods installation.\" >&2\n    exit 1\nfi\n";
			showEnvVarsInLog = 0;
		};
		6298DD364CCF505C1E3A07DB /* [CP] Embed Pods Frameworks */ = {
			isa = PBXShellScriptBuildPhase;
			buildActionMask = 2147483647;
			files = (
			);
			inputPaths = (
			);
			name = "[CP] Embed Pods Frameworks";
			outputPaths = (
			);
			runOnlyForDeploymentPostprocessing = 0;
			shellPath = /bin/sh;
			shellScript = "\"${SRCROOT}/Pods/Target Support Files/Pods-HotMessUITests/Pods-HotMessUITests-frameworks.sh\"\n";
			showEnvVarsInLog = 0;
		};
		A973F558D81C6DE93305C5C2 /* [CP] Embed Pods Frameworks */ = {
			isa = PBXShellScriptBuildPhase;
			buildActionMask = 2147483647;
			files = (
			);
			inputPaths = (
			);
			name = "[CP] Embed Pods Frameworks";
			outputPaths = (
			);
			runOnlyForDeploymentPostprocessing = 0;
			shellPath = /bin/sh;
			shellScript = "\"${SRCROOT}/Pods/Target Support Files/Pods-HotMessTests/Pods-HotMessTests-frameworks.sh\"\n";
			showEnvVarsInLog = 0;
		};
		C8A0501783B3904970ADBDB7 /* [CP] Check Pods Manifest.lock */ = {
			isa = PBXShellScriptBuildPhase;
			buildActionMask = 2147483647;
			files = (
			);
			inputPaths = (
			);
			name = "[CP] Check Pods Manifest.lock";
			outputPaths = (
			);
			runOnlyForDeploymentPostprocessing = 0;
			shellPath = /bin/sh;
			shellScript = "diff \"${PODS_ROOT}/../Podfile.lock\" \"${PODS_ROOT}/Manifest.lock\" > /dev/null\nif [ $? != 0 ] ; then\n    # print error to STDERR\n    echo \"error: The sandbox is not in sync with the Podfile.lock. Run 'pod install' or update your CocoaPods installation.\" >&2\n    exit 1\nfi\n";
			showEnvVarsInLog = 0;
		};
		C96396D41E4AAD5C00D70DC1 /* Increment Build Number */ = {
			isa = PBXShellScriptBuildPhase;
			buildActionMask = 2147483647;
			files = (
			);
			inputPaths = (
			);
			name = "Increment Build Number";
			outputPaths = (
			);
			runOnlyForDeploymentPostprocessing = 0;
			shellPath = /bin/sh;
			shellScript = "buildNumber=$(/usr/libexec/PlistBuddy -c \"Print CFBundleVersion\" \"${PROJECT_DIR}/${INFOPLIST_FILE}\")\nbuildNumber=$(($buildNumber + 1))\n/usr/libexec/PlistBuddy -c \"Set :CFBundleVersion $buildNumber\" \"${PROJECT_DIR}/${INFOPLIST_FILE}\"";
		};
		CFB0E9D602B3619AE96AA3BB /* [CP] Check Pods Manifest.lock */ = {
			isa = PBXShellScriptBuildPhase;
			buildActionMask = 2147483647;
			files = (
			);
			inputPaths = (
			);
			name = "[CP] Check Pods Manifest.lock";
			outputPaths = (
			);
			runOnlyForDeploymentPostprocessing = 0;
			shellPath = /bin/sh;
			shellScript = "diff \"${PODS_ROOT}/../Podfile.lock\" \"${PODS_ROOT}/Manifest.lock\" > /dev/null\nif [ $? != 0 ] ; then\n    # print error to STDERR\n    echo \"error: The sandbox is not in sync with the Podfile.lock. Run 'pod install' or update your CocoaPods installation.\" >&2\n    exit 1\nfi\n";
			showEnvVarsInLog = 0;
		};
		FEFB3998A9D7FF6BF807CCB6 /* [CP] Copy Pods Resources */ = {
			isa = PBXShellScriptBuildPhase;
			buildActionMask = 2147483647;
			files = (
			);
			inputPaths = (
			);
			name = "[CP] Copy Pods Resources";
			outputPaths = (
			);
			runOnlyForDeploymentPostprocessing = 0;
			shellPath = /bin/sh;
			shellScript = "\"${SRCROOT}/Pods/Target Support Files/Pods-HotMess/Pods-HotMess-resources.sh\"\n";
			showEnvVarsInLog = 0;
		};
/* End PBXShellScriptBuildPhase section */

/* Begin PBXSourcesBuildPhase section */
		C94A5AAC1E1B7B2A004601AA /* Sources */ = {
			isa = PBXSourcesBuildPhase;
			buildActionMask = 2147483647;
			files = (
				C96779191E26082900BC263D /* VenueViewController.swift in Sources */,
				C9F34AF31E208BA800C5049B /* UserService.swift in Sources */,
				C998EE2A1E5EA1F30017ED96 /* Friend.swift in Sources */,
				C99B12A51E72D88D002466C7 /* Venues.swift in Sources */,
				C98A26031E25891900F62464 /* VenuesService.swift in Sources */,
				C9570A2D1E47A71500A94395 /* VenueTableViewCell.swift in Sources */,
				C998EE2C1E5EA7C40017ED96 /* FriendsService.swift in Sources */,
				C99EFFDA1E1C682000720341 /* LoginViewController.swift in Sources */,
				C93373121E5EEB5B00497879 /* NowService.swift in Sources */,
				C97E4B461E67A0800069E965 /* PersonViewController.swift in Sources */,
				C9B62C831E774F1600F72EC4 /* SocialLink.swift in Sources */,
				C95F6E4F1E513394009E43A4 /* PeopleViewController.swift in Sources */,
				C97F0DE91E552FCD00C615BA /* PersonTableViewCell.swift in Sources */,
				C9F1F5D81E284783005CF7FD /* EventsService.swift in Sources */,
				C9DD61B41E80B9C500947C60 /* VenueMessage.swift in Sources */,
				C96BB1001E78457A008F061E /* EventDetail.swift in Sources */,
				C96F09821E4307DE009B3911 /* Locale.swift in Sources */,
				C98D7F301E7C0FAC007BE6A6 /* DataRequest.swift in Sources */,
				C98BEDCB1E1CC420008F48AB /* RequestService.swift in Sources */,
				C98BEDC91E1CB5F2008F48AB /* SessionService.swift in Sources */,
				C98A26011E25890500F62464 /* Venue.swift in Sources */,
				C9F34AF61E208BF100C5049B /* User.swift in Sources */,
				C93373161E5EEF0000497879 /* Now.swift in Sources */,
				C94A5AB81E1B7B2B004601AA /* VenuesViewController.swift in Sources */,
				C96E198B1E80901B00FDE88E /* ConversationMessageCell.swift in Sources */,
				C9570A2B1E479F7A00A94395 /* EventTableViewCell.swift in Sources */,
				C9A81D1A1E516F2E00A9A9D6 /* PeopleService.swift in Sources */,
				C9EA337E1E821CCB000A7D76 /* VenueConversationViewController.swift in Sources */,
				C9C4A8A11E7F49BC00F3B6C0 /* VenueConversation.swift in Sources */,
				C9D795DC1E807629007961F7 /* PersonCell.swift in Sources */,
				C9D795DE1E8077C2007961F7 /* FriendListTableViewCell.swift in Sources */,
				C9B62C7F1E774BDF00F72EC4 /* PersonDetail.swift in Sources */,
				C9B62C7D1E77470C00F72EC4 /* Track.swift in Sources */,
				C97E4B481E67A0B80069E965 /* EventViewController.swift in Sources */,
				C9B62C811E774C5C00F72EC4 /* VenueDetail.swift in Sources */,
				C998EE2E1E5EADE70017ED96 /* FriendTableViewCell.swift in Sources */,
				C998EE301E5EB2000017ED96 /* HeroTableViewCell.swift in Sources */,
				C97F0DE71E54F1C100C615BA /* SettingsViewController.swift in Sources */,
				C94A5AB41E1B7B2B004601AA /* AppDelegate.swift in Sources */,
				C9CE0C411E4A8FBC00E9A909 /* DistanceFormatter.swift in Sources */,
				C9C460901E2DB51B00EFD119 /* EventsViewController.swift in Sources */,
				C94A5AB61E1B7B2B004601AA /* NowViewController.swift in Sources */,
				C9968DA61E7B1B6F0001AA92 /* TrackTableViewCell.swift in Sources */,
				C9207A924AEA505100844907 /* PersonInfoCell.swift in Sources */,
				C9A81D181E516EA600A9A9D6 /* Person.swift in Sources */,
				C97E4B4A1E67A10A0069E965 /* Model.swift in Sources */,
				C9F1F5DA1E2847A9005CF7FD /* Event.swift in Sources */,
				C96F09841E430822009B3911 /* LocaleService.swift in Sources */,
				A3BAEA2D97D0C85B06BA5FBD /* RealtimeService.swift in Sources */,
			);
			runOnlyForDeploymentPostprocessing = 0;
		};
		C94A5AC21E1B7B2B004601AA /* Sources */ = {
			isa = PBXSourcesBuildPhase;
			buildActionMask = 2147483647;
			files = (
				C94A5ACB1E1B7B2B004601AA /* HotMessTests.swift in Sources */,
			);
			runOnlyForDeploymentPostprocessing = 0;
		};
		C94A5ACD1E1B7B2B004601AA /* Sources */ = {
			isa = PBXSourcesBuildPhase;
			buildActionMask = 2147483647;
			files = (
				C94A5AD61E1B7B2B004601AA /* HotMessUITests.swift in Sources */,
			);
			runOnlyForDeploymentPostprocessing = 0;
		};
/* End PBXSourcesBuildPhase section */

/* Begin PBXTargetDependency section */
		C94A5AC81E1B7B2B004601AA /* PBXTargetDependency */ = {
			isa = PBXTargetDependency;
			target = C94A5AAF1E1B7B2A004601AA /* HotMess */;
			targetProxy = C94A5AC71E1B7B2B004601AA /* PBXContainerItemProxy */;
		};
		C94A5AD31E1B7B2B004601AA /* PBXTargetDependency */ = {
			isa = PBXTargetDependency;
			target = C94A5AAF1E1B7B2A004601AA /* HotMess */;
			targetProxy = C94A5AD21E1B7B2B004601AA /* PBXContainerItemProxy */;
		};
/* End PBXTargetDependency section */

/* Begin PBXVariantGroup section */
		C94A5AB91E1B7B2B004601AA /* Main.storyboard */ = {
			isa = PBXVariantGroup;
			children = (
				C94A5ABA1E1B7B2B004601AA /* Base */,
			);
			name = Main.storyboard;
			sourceTree = "<group>";
		};
		C94A5ABE1E1B7B2B004601AA /* LaunchScreen.storyboard */ = {
			isa = PBXVariantGroup;
			children = (
				C94A5ABF1E1B7B2B004601AA /* Base */,
			);
			name = LaunchScreen.storyboard;
			sourceTree = "<group>";
		};
		C9782C9B1E1E02D5005FB286 /* InfoPlist.strings */ = {
			isa = PBXVariantGroup;
			children = (
				C9782C9C1E1E02D5005FB286 /* Base */,
			);
			name = InfoPlist.strings;
			sourceTree = "<group>";
		};
/* End PBXVariantGroup section */

/* Begin XCBuildConfiguration section */
		C94A5AD81E1B7B2B004601AA /* Debug */ = {
			isa = XCBuildConfiguration;
			buildSettings = {
				ALWAYS_EMBED_SWIFT_STANDARD_LIBRARIES = "$(inherited)";
				ALWAYS_SEARCH_USER_PATHS = NO;
				CLANG_ANALYZER_NONNULL = YES;
				CLANG_CXX_LANGUAGE_STANDARD = "gnu++0x";
				CLANG_CXX_LIBRARY = "libc++";
				CLANG_ENABLE_MODULES = YES;
				CLANG_ENABLE_OBJC_ARC = YES;
				CLANG_WARN_BOOL_CONVERSION = YES;
				CLANG_WARN_CONSTANT_CONVERSION = YES;
				CLANG_WARN_DIRECT_OBJC_ISA_USAGE = YES_ERROR;
				CLANG_WARN_DOCUMENTATION_COMMENTS = YES;
				CLANG_WARN_EMPTY_BODY = YES;
				CLANG_WARN_ENUM_CONVERSION = YES;
				CLANG_WARN_INFINITE_RECURSION = YES;
				CLANG_WARN_INT_CONVERSION = YES;
				CLANG_WARN_OBJC_ROOT_CLASS = YES_ERROR;
				CLANG_WARN_SUSPICIOUS_MOVE = YES;
				CLANG_WARN_UNREACHABLE_CODE = YES;
				CLANG_WARN__DUPLICATE_METHOD_MATCH = YES;
				"CODE_SIGN_IDENTITY[sdk=iphoneos*]" = "iPhone Developer";
				COPY_PHASE_STRIP = NO;
				DEBUG_INFORMATION_FORMAT = dwarf;
				ENABLE_STRICT_OBJC_MSGSEND = YES;
				ENABLE_TESTABILITY = YES;
				GCC_C_LANGUAGE_STANDARD = gnu99;
				GCC_DYNAMIC_NO_PIC = NO;
				GCC_NO_COMMON_BLOCKS = YES;
				GCC_OPTIMIZATION_LEVEL = 0;
				GCC_PREPROCESSOR_DEFINITIONS = (
					"DEBUG=1",
					"$(inherited)",
				);
				GCC_WARN_64_TO_32_BIT_CONVERSION = YES;
				GCC_WARN_ABOUT_RETURN_TYPE = YES_ERROR;
				GCC_WARN_UNDECLARED_SELECTOR = YES;
				GCC_WARN_UNINITIALIZED_AUTOS = YES_AGGRESSIVE;
				GCC_WARN_UNUSED_FUNCTION = YES;
				GCC_WARN_UNUSED_VARIABLE = YES;
				IPHONEOS_DEPLOYMENT_TARGET = 10.2;
				MTL_ENABLE_DEBUG_INFO = YES;
				ONLY_ACTIVE_ARCH = YES;
				SDKROOT = iphoneos;
				SWIFT_ACTIVE_COMPILATION_CONDITIONS = DEBUG;
				SWIFT_OPTIMIZATION_LEVEL = "-Onone";
				TARGETED_DEVICE_FAMILY = "1,2";
			};
			name = Debug;
		};
		C94A5AD91E1B7B2B004601AA /* Release */ = {
			isa = XCBuildConfiguration;
			buildSettings = {
				ALWAYS_EMBED_SWIFT_STANDARD_LIBRARIES = "$(inherited)";
				ALWAYS_SEARCH_USER_PATHS = NO;
				CLANG_ANALYZER_NONNULL = YES;
				CLANG_CXX_LANGUAGE_STANDARD = "gnu++0x";
				CLANG_CXX_LIBRARY = "libc++";
				CLANG_ENABLE_MODULES = YES;
				CLANG_ENABLE_OBJC_ARC = YES;
				CLANG_WARN_BOOL_CONVERSION = YES;
				CLANG_WARN_CONSTANT_CONVERSION = YES;
				CLANG_WARN_DIRECT_OBJC_ISA_USAGE = YES_ERROR;
				CLANG_WARN_DOCUMENTATION_COMMENTS = YES;
				CLANG_WARN_EMPTY_BODY = YES;
				CLANG_WARN_ENUM_CONVERSION = YES;
				CLANG_WARN_INFINITE_RECURSION = YES;
				CLANG_WARN_INT_CONVERSION = YES;
				CLANG_WARN_OBJC_ROOT_CLASS = YES_ERROR;
				CLANG_WARN_SUSPICIOUS_MOVE = YES;
				CLANG_WARN_UNREACHABLE_CODE = YES;
				CLANG_WARN__DUPLICATE_METHOD_MATCH = YES;
				"CODE_SIGN_IDENTITY[sdk=iphoneos*]" = "iPhone Developer";
				COPY_PHASE_STRIP = NO;
				DEBUG_INFORMATION_FORMAT = "dwarf-with-dsym";
				ENABLE_NS_ASSERTIONS = NO;
				ENABLE_STRICT_OBJC_MSGSEND = YES;
				GCC_C_LANGUAGE_STANDARD = gnu99;
				GCC_NO_COMMON_BLOCKS = YES;
				GCC_WARN_64_TO_32_BIT_CONVERSION = YES;
				GCC_WARN_ABOUT_RETURN_TYPE = YES_ERROR;
				GCC_WARN_UNDECLARED_SELECTOR = YES;
				GCC_WARN_UNINITIALIZED_AUTOS = YES_AGGRESSIVE;
				GCC_WARN_UNUSED_FUNCTION = YES;
				GCC_WARN_UNUSED_VARIABLE = YES;
				IPHONEOS_DEPLOYMENT_TARGET = 10.2;
				MTL_ENABLE_DEBUG_INFO = NO;
				SDKROOT = iphoneos;
				SWIFT_OPTIMIZATION_LEVEL = "-Owholemodule";
				TARGETED_DEVICE_FAMILY = "1,2";
				VALIDATE_PRODUCT = YES;
			};
			name = Release;
		};
		C94A5ADB1E1B7B2B004601AA /* Debug */ = {
			isa = XCBuildConfiguration;
			baseConfigurationReference = D7697D8D67C5BCFBC5E60BD2 /* Pods-HotMess.debug.xcconfig */;
			buildSettings = {
				ALWAYS_EMBED_SWIFT_STANDARD_LIBRARIES = "$(inherited)";
				ASSETCATALOG_COMPILER_APPICON_NAME = AppIcon;
				CODE_SIGN_ENTITLEMENTS = HotMess/HotMess.entitlements;
				DEVELOPMENT_TEAM = DWVXMLB45Y;
				INFOPLIST_FILE = HotMess/Info.plist;
				LD_RUNPATH_SEARCH_PATHS = "$(inherited) @executable_path/Frameworks";
				PRODUCT_BUNDLE_IDENTIFIER = social.hotmess.HotMess;
				PRODUCT_NAME = "$(TARGET_NAME)";
				SWIFT_OBJC_BRIDGING_HEADER = HotMess/BridgeHeader.h;
				SWIFT_VERSION = 3.0;
			};
			name = Debug;
		};
		C94A5ADC1E1B7B2B004601AA /* Release */ = {
			isa = XCBuildConfiguration;
			baseConfigurationReference = D8453045752088229BA3E7B5 /* Pods-HotMess.release.xcconfig */;
			buildSettings = {
				ALWAYS_EMBED_SWIFT_STANDARD_LIBRARIES = "$(inherited)";
				ASSETCATALOG_COMPILER_APPICON_NAME = AppIcon;
				CODE_SIGN_ENTITLEMENTS = HotMess/HotMess.entitlements;
				DEVELOPMENT_TEAM = DWVXMLB45Y;
				INFOPLIST_FILE = HotMess/Info.plist;
				LD_RUNPATH_SEARCH_PATHS = "$(inherited) @executable_path/Frameworks";
				PRODUCT_BUNDLE_IDENTIFIER = social.hotmess.HotMess;
				PRODUCT_NAME = "$(TARGET_NAME)";
				SWIFT_OBJC_BRIDGING_HEADER = HotMess/BridgeHeader.h;
				SWIFT_VERSION = 3.0;
			};
			name = Release;
		};
		C94A5ADE1E1B7B2B004601AA /* Debug */ = {
			isa = XCBuildConfiguration;
			baseConfigurationReference = 2C5F96E2CC35181398D83382 /* Pods-HotMessTests.debug.xcconfig */;
			buildSettings = {
				ALWAYS_EMBED_SWIFT_STANDARD_LIBRARIES = "$(inherited)";
				BUNDLE_LOADER = "$(TEST_HOST)";
				DEVELOPMENT_TEAM = DWVXMLB45Y;
				INFOPLIST_FILE = HotMessTests/Info.plist;
				LD_RUNPATH_SEARCH_PATHS = "$(inherited) @executable_path/Frameworks @loader_path/Frameworks";
				PRODUCT_BUNDLE_IDENTIFIER = social.hotmess.HotMessTests;
				PRODUCT_NAME = "$(TARGET_NAME)";
				SWIFT_VERSION = 3.0;
				TEST_HOST = "$(BUILT_PRODUCTS_DIR)/HotMess.app/HotMess";
			};
			name = Debug;
		};
		C94A5ADF1E1B7B2B004601AA /* Release */ = {
			isa = XCBuildConfiguration;
			baseConfigurationReference = BE4B30C5ECB95415D3499505 /* Pods-HotMessTests.release.xcconfig */;
			buildSettings = {
				ALWAYS_EMBED_SWIFT_STANDARD_LIBRARIES = "$(inherited)";
				BUNDLE_LOADER = "$(TEST_HOST)";
				DEVELOPMENT_TEAM = DWVXMLB45Y;
				INFOPLIST_FILE = HotMessTests/Info.plist;
				LD_RUNPATH_SEARCH_PATHS = "$(inherited) @executable_path/Frameworks @loader_path/Frameworks";
				PRODUCT_BUNDLE_IDENTIFIER = social.hotmess.HotMessTests;
				PRODUCT_NAME = "$(TARGET_NAME)";
				SWIFT_VERSION = 3.0;
				TEST_HOST = "$(BUILT_PRODUCTS_DIR)/HotMess.app/HotMess";
			};
			name = Release;
		};
		C94A5AE11E1B7B2B004601AA /* Debug */ = {
			isa = XCBuildConfiguration;
			baseConfigurationReference = 3107986BD80C0B8495B565BC /* Pods-HotMessUITests.debug.xcconfig */;
			buildSettings = {
				ALWAYS_EMBED_SWIFT_STANDARD_LIBRARIES = "$(inherited)";
				DEVELOPMENT_TEAM = DWVXMLB45Y;
				INFOPLIST_FILE = HotMessUITests/Info.plist;
				LD_RUNPATH_SEARCH_PATHS = "$(inherited) @executable_path/Frameworks @loader_path/Frameworks";
				PRODUCT_BUNDLE_IDENTIFIER = social.hotmess.HotMessUITests;
				PRODUCT_NAME = "$(TARGET_NAME)";
				SWIFT_VERSION = 3.0;
				TEST_TARGET_NAME = HotMess;
			};
			name = Debug;
		};
		C94A5AE21E1B7B2B004601AA /* Release */ = {
			isa = XCBuildConfiguration;
			baseConfigurationReference = 8BF8AB7DBAEABF8D94F2DA24 /* Pods-HotMessUITests.release.xcconfig */;
			buildSettings = {
				ALWAYS_EMBED_SWIFT_STANDARD_LIBRARIES = "$(inherited)";
				DEVELOPMENT_TEAM = DWVXMLB45Y;
				INFOPLIST_FILE = HotMessUITests/Info.plist;
				LD_RUNPATH_SEARCH_PATHS = "$(inherited) @executable_path/Frameworks @loader_path/Frameworks";
				PRODUCT_BUNDLE_IDENTIFIER = social.hotmess.HotMessUITests;
				PRODUCT_NAME = "$(TARGET_NAME)";
				SWIFT_VERSION = 3.0;
				TEST_TARGET_NAME = HotMess;
			};
			name = Release;
		};
/* End XCBuildConfiguration section */

/* Begin XCConfigurationList section */
		C94A5AAB1E1B7B2A004601AA /* Build configuration list for PBXProject "HotMess" */ = {
			isa = XCConfigurationList;
			buildConfigurations = (
				C94A5AD81E1B7B2B004601AA /* Debug */,
				C94A5AD91E1B7B2B004601AA /* Release */,
			);
			defaultConfigurationIsVisible = 0;
			defaultConfigurationName = Release;
		};
		C94A5ADA1E1B7B2B004601AA /* Build configuration list for PBXNativeTarget "HotMess" */ = {
			isa = XCConfigurationList;
			buildConfigurations = (
				C94A5ADB1E1B7B2B004601AA /* Debug */,
				C94A5ADC1E1B7B2B004601AA /* Release */,
			);
			defaultConfigurationIsVisible = 0;
			defaultConfigurationName = Release;
		};
		C94A5ADD1E1B7B2B004601AA /* Build configuration list for PBXNativeTarget "HotMessTests" */ = {
			isa = XCConfigurationList;
			buildConfigurations = (
				C94A5ADE1E1B7B2B004601AA /* Debug */,
				C94A5ADF1E1B7B2B004601AA /* Release */,
			);
			defaultConfigurationIsVisible = 0;
			defaultConfigurationName = Release;
		};
		C94A5AE01E1B7B2B004601AA /* Build configuration list for PBXNativeTarget "HotMessUITests" */ = {
			isa = XCConfigurationList;
			buildConfigurations = (
				C94A5AE11E1B7B2B004601AA /* Debug */,
				C94A5AE21E1B7B2B004601AA /* Release */,
			);
			defaultConfigurationIsVisible = 0;
			defaultConfigurationName = Release;
		};
/* End XCConfigurationList section */
	};
	rootObject = C94A5AA81E1B7B2A004601AA /* Project object */;
}
